
Microsoft Visual Studio Solution File, Format Version 12.00
Project("{FAE04EC0-301F-11D3-BF4B-00C04F79EFBC}") = "ChatApp", "ChatApp\ChatApp\ChatApp.csproj", "{5F557EF2-09EB-4CD5-AD89-60194104C152}"
EndProject
Project("{FAE04EC0-301F-11D3-BF4B-00C04F79EFBC}") = "ChatApp.Client", "ChatApp\ChatApp.Client\ChatApp.Client.csproj", "{C28B10D6-C106-4EC0-8134-55572BFE8866}"
EndProject
Global
	GlobalSection(SolutionConfigurationPlatforms) = preSolution
		Debug|Any CPU = Debug|Any CPU
		Release|Any CPU = Release|Any CPU
	EndGlobalSection
	GlobalSection(ProjectConfigurationPlatforms) = postSolution
		{5F557EF2-09EB-4CD5-AD89-60194104C152}.Debug|Any CPU.ActiveCfg = Debug|Any CPU
		{5F557EF2-09EB-4CD5-AD89-60194104C152}.Debug|Any CPU.Build.0 = Debug|Any CPU
		{5F557EF2-09EB-4CD5-AD89-60194104C152}.Release|Any CPU.ActiveCfg = Release|Any CPU
		{5F557EF2-09EB-4CD5-AD89-60194104C152}.Release|Any CPU.Build.0 = Release|Any CPU
		{C28B10D6-C106-4EC0-8134-55572BFE8866}.Debug|Any CPU.ActiveCfg = Debug|Any CPU
		{C28B10D6-C106-4EC0-8134-55572BFE8866}.Debug|Any CPU.Build.0 = Debug|Any CPU
		{C28B10D6-C106-4EC0-8134-55572BFE8866}.Release|Any CPU.ActiveCfg = Release|Any CPU
		{C28B10D6-C106-4EC0-8134-55572BFE8866}.Release|Any CPU.Build.0 = Release|Any CPU
	EndGlobalSection
EndGlobal
